
Microsoft Visual Studio Solution File, Format Version 12.00
# Visual Studio 15
VisualStudioVersion = 15.0.28307.329
MinimumVisualStudioVersion = 10.0.40219.1
Project("{FAE04EC0-301F-11D3-BF4B-00C04F79EFBC}") = "task1demo", "task1demo\task1demo.csproj", "{F60F0507-E064-45C9-AF1D-0970E6744AFB}"
EndProject
Global
	GlobalSection(SolutionConfigurationPlatforms) = preSolution
		Debug|Any CPU = Debug|Any CPU
		Release|Any CPU = Release|Any CPU
	EndGlobalSection
	GlobalSection(ProjectConfigurationPlatforms) = postSolution
		{F60F0507-E064-45C9-AF1D-0970E6744AFB}.Debug|Any CPU.ActiveCfg = Debug|Any CPU
		{F60F0507-E064-45C9-AF1D-0970E6744AFB}.Debug|Any CPU.Build.0 = Debug|Any CPU
		{F60F0507-E064-45C9-AF1D-0970E6744AFB}.Release|Any CPU.ActiveCfg = Release|Any CPU
		{F60F0507-E064-45C9-AF1D-0970E6744AFB}.Release|Any CPU.Build.0 = Release|Any CPU
	EndGlobalSection
	GlobalSection(SolutionProperties) = preSolution
		HideSolutionNode = FALSE
	EndGlobalSection
	GlobalSection(ExtensibilityGlobals) = postSolution
		SolutionGuid = {6FBF65C2-88CB-4D39-B3CC-96CD766F61AB}
	EndGlobalSection
EndGlobal
